
Microsoft Visual Studio Solution File, Format Version 12.00
# Visual Studio Express 14 for Web
VisualStudioVersion = 14.0.23107.0
MinimumVisualStudioVersion = 10.0.40219.1
Project("{FAE04EC0-301F-11D3-BF4B-00C04F79EFBC}") = "responseTip", "responseTip\responseTip.csproj", "{194CB54E-BADA-48E2-B3A4-171477E969B2}"
EndProject
Project("{FAE04EC0-301F-11D3-BF4B-00C04F79EFBC}") = "TwitterHandling", "TwitterHandling\TwitterHandling.csproj", "{D62664CC-9509-46D0-9B37-01213580F51E}"
EndProject
Project("{FAE04EC0-301F-11D3-BF4B-00C04F79EFBC}") = "BtcHandling", "BtcHandling\BtcHandling.csproj", "{6F73FD85-294B-4C9A-823B-044241A9F458}"
EndProject
Project("{FAE04EC0-301F-11D3-BF4B-00C04F79EFBC}") = "responseTip_backend", "responseTip_backend\responseTip_backend.csproj", "{6942925A-1A65-4460-90F5-C3E8EC34A73F}"
EndProject
Project("{FAE04EC0-301F-11D3-BF4B-00C04F79EFBC}") = "responseTipExceptions", "Exceptions\responseTipExceptions.csproj", "{0A638040-B6D6-4B81-A6A4-894099F18F82}"
EndProject
Project("{FAE04EC0-301F-11D3-BF4B-00C04F79EFBC}") = "Helpers", "Helpers\Helpers.csproj", "{3ED1B7D0-B502-4147-90F0-9328687B4122}"
EndProject
Project("{FAE04EC0-301F-11D3-BF4B-00C04F79EFBC}") = "ArbiterTown", "ArbiterTown\ArbiterTown.csproj", "{769903D4-4DFD-4D68-BD3B-315B87BE3A13}"
EndProject
Project("{FAE04EC0-301F-11D3-BF4B-00C04F79EFBC}") = "ArbiterTown.Tests", "ArbiterTown.Tests\ArbiterTown.Tests.csproj", "{61839C52-3E10-4332-A221-4CEB162308C2}"
EndProject
Global
	GlobalSection(SolutionConfigurationPlatforms) = preSolution
		CCNET|Any CPU = CCNET|Any CPU
		CCNET|x86-Only = CCNET|x86-Only
		Debug|Any CPU = Debug|Any CPU
		Debug|x86-Only = Debug|x86-Only
		Mono-Debug|Any CPU = Mono-Debug|Any CPU
		Mono-Debug|x86-Only = Mono-Debug|x86-Only
		Mono-Release|Any CPU = Mono-Release|Any CPU
		Mono-Release|x86-Only = Mono-Release|x86-Only
		Release|Any CPU = Release|Any CPU
		Release|x86-Only = Release|x86-Only
	EndGlobalSection
	GlobalSection(ProjectConfigurationPlatforms) = postSolution
		{194CB54E-BADA-48E2-B3A4-171477E969B2}.CCNET|Any CPU.ActiveCfg = Release|Any CPU
		{194CB54E-BADA-48E2-B3A4-171477E969B2}.CCNET|x86-Only.ActiveCfg = Release|Any CPU
		{194CB54E-BADA-48E2-B3A4-171477E969B2}.Debug|Any CPU.ActiveCfg = Debug|Any CPU
		{194CB54E-BADA-48E2-B3A4-171477E969B2}.Debug|Any CPU.Build.0 = Debug|Any CPU
		{194CB54E-BADA-48E2-B3A4-171477E969B2}.Debug|x86-Only.ActiveCfg = Debug|Any CPU
		{194CB54E-BADA-48E2-B3A4-171477E969B2}.Mono-Debug|Any CPU.ActiveCfg = Debug|Any CPU
		{194CB54E-BADA-48E2-B3A4-171477E969B2}.Mono-Debug|x86-Only.ActiveCfg = Debug|Any CPU
		{194CB54E-BADA-48E2-B3A4-171477E969B2}.Mono-Release|Any CPU.ActiveCfg = Release|Any CPU
		{194CB54E-BADA-48E2-B3A4-171477E969B2}.Mono-Release|x86-Only.ActiveCfg = Release|Any CPU
		{194CB54E-BADA-48E2-B3A4-171477E969B2}.Release|Any CPU.ActiveCfg = Release|Any CPU
		{194CB54E-BADA-48E2-B3A4-171477E969B2}.Release|Any CPU.Build.0 = Release|Any CPU
		{194CB54E-BADA-48E2-B3A4-171477E969B2}.Release|x86-Only.ActiveCfg = Release|Any CPU
		{D62664CC-9509-46D0-9B37-01213580F51E}.CCNET|Any CPU.ActiveCfg = Release|Any CPU
		{D62664CC-9509-46D0-9B37-01213580F51E}.CCNET|Any CPU.Build.0 = Release|Any CPU
		{D62664CC-9509-46D0-9B37-01213580F51E}.CCNET|x86-Only.ActiveCfg = Release|Any CPU
		{D62664CC-9509-46D0-9B37-01213580F51E}.CCNET|x86-Only.Build.0 = Release|Any CPU
		{D62664CC-9509-46D0-9B37-01213580F51E}.Debug|Any CPU.ActiveCfg = Debug|Any CPU
		{D62664CC-9509-46D0-9B37-01213580F51E}.Debug|Any CPU.Build.0 = Debug|Any CPU
		{D62664CC-9509-46D0-9B37-01213580F51E}.Debug|x86-Only.ActiveCfg = Debug|Any CPU
		{D62664CC-9509-46D0-9B37-01213580F51E}.Debug|x86-Only.Build.0 = Debug|Any CPU
		{D62664CC-9509-46D0-9B37-01213580F51E}.Mono-Debug|Any CPU.ActiveCfg = Debug|Any CPU
		{D62664CC-9509-46D0-9B37-01213580F51E}.Mono-Debug|Any CPU.Build.0 = Debug|Any CPU
		{D62664CC-9509-46D0-9B37-01213580F51E}.Mono-Debug|x86-Only.ActiveCfg = Debug|Any CPU
		{D62664CC-9509-46D0-9B37-01213580F51E}.Mono-Debug|x86-Only.Build.0 = Debug|Any CPU
		{D62664CC-9509-46D0-9B37-01213580F51E}.Mono-Release|Any CPU.ActiveCfg = Release|Any CPU
		{D62664CC-9509-46D0-9B37-01213580F51E}.Mono-Release|Any CPU.Build.0 = Release|Any CPU
		{D62664CC-9509-46D0-9B37-01213580F51E}.Mono-Release|x86-Only.ActiveCfg = Release|Any CPU
		{D62664CC-9509-46D0-9B37-01213580F51E}.Mono-Release|x86-Only.Build.0 = Release|Any CPU
		{D62664CC-9509-46D0-9B37-01213580F51E}.Release|Any CPU.ActiveCfg = Release|Any CPU
		{D62664CC-9509-46D0-9B37-01213580F51E}.Release|Any CPU.Build.0 = Release|Any CPU
		{D62664CC-9509-46D0-9B37-01213580F51E}.Release|x86-Only.ActiveCfg = Release|Any CPU
		{D62664CC-9509-46D0-9B37-01213580F51E}.Release|x86-Only.Build.0 = Release|Any CPU
		{6F73FD85-294B-4C9A-823B-044241A9F458}.CCNET|Any CPU.ActiveCfg = Release|Any CPU
		{6F73FD85-294B-4C9A-823B-044241A9F458}.CCNET|Any CPU.Build.0 = Release|Any CPU
		{6F73FD85-294B-4C9A-823B-044241A9F458}.CCNET|x86-Only.ActiveCfg = Release|Any CPU
		{6F73FD85-294B-4C9A-823B-044241A9F458}.CCNET|x86-Only.Build.0 = Release|Any CPU
		{6F73FD85-294B-4C9A-823B-044241A9F458}.Debug|Any CPU.ActiveCfg = Debug|Any CPU
		{6F73FD85-294B-4C9A-823B-044241A9F458}.Debug|Any CPU.Build.0 = Debug|Any CPU
		{6F73FD85-294B-4C9A-823B-044241A9F458}.Debug|x86-Only.ActiveCfg = Debug|Any CPU
		{6F73FD85-294B-4C9A-823B-044241A9F458}.Debug|x86-Only.Build.0 = Debug|Any CPU
		{6F73FD85-294B-4C9A-823B-044241A9F458}.Mono-Debug|Any CPU.ActiveCfg = Debug|Any CPU
		{6F73FD85-294B-4C9A-823B-044241A9F458}.Mono-Debug|Any CPU.Build.0 = Debug|Any CPU
		{6F73FD85-294B-4C9A-823B-044241A9F458}.Mono-Debug|x86-Only.ActiveCfg = Debug|Any CPU
		{6F73FD85-294B-4C9A-823B-044241A9F458}.Mono-Debug|x86-Only.Build.0 = Debug|Any CPU
		{6F73FD85-294B-4C9A-823B-044241A9F458}.Mono-Release|Any CPU.ActiveCfg = Release|Any CPU
		{6F73FD85-294B-4C9A-823B-044241A9F458}.Mono-Release|Any CPU.Build.0 = Release|Any CPU
		{6F73FD85-294B-4C9A-823B-044241A9F458}.Mono-Release|x86-Only.ActiveCfg = Release|Any CPU
		{6F73FD85-294B-4C9A-823B-044241A9F458}.Mono-Release|x86-Only.Build.0 = Release|Any CPU
		{6F73FD85-294B-4C9A-823B-044241A9F458}.Release|Any CPU.ActiveCfg = Release|Any CPU
		{6F73FD85-294B-4C9A-823B-044241A9F458}.Release|Any CPU.Build.0 = Release|Any CPU
		{6F73FD85-294B-4C9A-823B-044241A9F458}.Release|x86-Only.ActiveCfg = Release|Any CPU
		{6F73FD85-294B-4C9A-823B-044241A9F458}.Release|x86-Only.Build.0 = Release|Any CPU
		{6942925A-1A65-4460-90F5-C3E8EC34A73F}.CCNET|Any CPU.ActiveCfg = Release|Any CPU
		{6942925A-1A65-4460-90F5-C3E8EC34A73F}.CCNET|Any CPU.Build.0 = Release|Any CPU
		{6942925A-1A65-4460-90F5-C3E8EC34A73F}.CCNET|x86-Only.ActiveCfg = Release|Any CPU
		{6942925A-1A65-4460-90F5-C3E8EC34A73F}.CCNET|x86-Only.Build.0 = Release|Any CPU
		{6942925A-1A65-4460-90F5-C3E8EC34A73F}.Debug|Any CPU.ActiveCfg = Debug|Any CPU
		{6942925A-1A65-4460-90F5-C3E8EC34A73F}.Debug|Any CPU.Build.0 = Debug|Any CPU
		{6942925A-1A65-4460-90F5-C3E8EC34A73F}.Debug|x86-Only.ActiveCfg = Debug|Any CPU
		{6942925A-1A65-4460-90F5-C3E8EC34A73F}.Debug|x86-Only.Build.0 = Debug|Any CPU
		{6942925A-1A65-4460-90F5-C3E8EC34A73F}.Mono-Debug|Any CPU.ActiveCfg = Debug|Any CPU
		{6942925A-1A65-4460-90F5-C3E8EC34A73F}.Mono-Debug|Any CPU.Build.0 = Debug|Any CPU
		{6942925A-1A65-4460-90F5-C3E8EC34A73F}.Mono-Debug|x86-Only.ActiveCfg = Debug|Any CPU
		{6942925A-1A65-4460-90F5-C3E8EC34A73F}.Mono-Debug|x86-Only.Build.0 = Debug|Any CPU
		{6942925A-1A65-4460-90F5-C3E8EC34A73F}.Mono-Release|Any CPU.ActiveCfg = Release|Any CPU
		{6942925A-1A65-4460-90F5-C3E8EC34A73F}.Mono-Release|Any CPU.Build.0 = Release|Any CPU
		{6942925A-1A65-4460-90F5-C3E8EC34A73F}.Mono-Release|x86-Only.ActiveCfg = Release|Any CPU
		{6942925A-1A65-4460-90F5-C3E8EC34A73F}.Mono-Release|x86-Only.Build.0 = Release|Any CPU
		{6942925A-1A65-4460-90F5-C3E8EC34A73F}.Release|Any CPU.ActiveCfg = Release|Any CPU
		{6942925A-1A65-4460-90F5-C3E8EC34A73F}.Release|Any CPU.Build.0 = Release|Any CPU
		{6942925A-1A65-4460-90F5-C3E8EC34A73F}.Release|x86-Only.ActiveCfg = Release|Any CPU
		{6942925A-1A65-4460-90F5-C3E8EC34A73F}.Release|x86-Only.Build.0 = Release|Any CPU
		{0A638040-B6D6-4B81-A6A4-894099F18F82}.CCNET|Any CPU.ActiveCfg = Release|Any CPU
		{0A638040-B6D6-4B81-A6A4-894099F18F82}.CCNET|Any CPU.Build.0 = Release|Any CPU
		{0A638040-B6D6-4B81-A6A4-894099F18F82}.CCNET|x86-Only.ActiveCfg = Release|Any CPU
		{0A638040-B6D6-4B81-A6A4-894099F18F82}.CCNET|x86-Only.Build.0 = Release|Any CPU
		{0A638040-B6D6-4B81-A6A4-894099F18F82}.Debug|Any CPU.ActiveCfg = Debug|Any CPU
		{0A638040-B6D6-4B81-A6A4-894099F18F82}.Debug|Any CPU.Build.0 = Debug|Any CPU
		{0A638040-B6D6-4B81-A6A4-894099F18F82}.Debug|x86-Only.ActiveCfg = Debug|Any CPU
		{0A638040-B6D6-4B81-A6A4-894099F18F82}.Debug|x86-Only.Build.0 = Debug|Any CPU
		{0A638040-B6D6-4B81-A6A4-894099F18F82}.Mono-Debug|Any CPU.ActiveCfg = Debug|Any CPU
		{0A638040-B6D6-4B81-A6A4-894099F18F82}.Mono-Debug|Any CPU.Build.0 = Debug|Any CPU
		{0A638040-B6D6-4B81-A6A4-894099F18F82}.Mono-Debug|x86-Only.ActiveCfg = Debug|Any CPU
		{0A638040-B6D6-4B81-A6A4-894099F18F82}.Mono-Debug|x86-Only.Build.0 = Debug|Any CPU
		{0A638040-B6D6-4B81-A6A4-894099F18F82}.Mono-Release|Any CPU.ActiveCfg = Release|Any CPU
		{0A638040-B6D6-4B81-A6A4-894099F18F82}.Mono-Release|Any CPU.Build.0 = Release|Any CPU
		{0A638040-B6D6-4B81-A6A4-894099F18F82}.Mono-Release|x86-Only.ActiveCfg = Release|Any CPU
		{0A638040-B6D6-4B81-A6A4-894099F18F82}.Mono-Release|x86-Only.Build.0 = Release|Any CPU
		{0A638040-B6D6-4B81-A6A4-894099F18F82}.Release|Any CPU.ActiveCfg = Release|Any CPU
		{0A638040-B6D6-4B81-A6A4-894099F18F82}.Release|Any CPU.Build.0 = Release|Any CPU
		{0A638040-B6D6-4B81-A6A4-894099F18F82}.Release|x86-Only.ActiveCfg = Release|Any CPU
		{0A638040-B6D6-4B81-A6A4-894099F18F82}.Release|x86-Only.Build.0 = Release|Any CPU
		{3ED1B7D0-B502-4147-90F0-9328687B4122}.CCNET|Any CPU.ActiveCfg = Release|Any CPU
		{3ED1B7D0-B502-4147-90F0-9328687B4122}.CCNET|Any CPU.Build.0 = Release|Any CPU
		{3ED1B7D0-B502-4147-90F0-9328687B4122}.CCNET|x86-Only.ActiveCfg = Release|Any CPU
		{3ED1B7D0-B502-4147-90F0-9328687B4122}.CCNET|x86-Only.Build.0 = Release|Any CPU
		{3ED1B7D0-B502-4147-90F0-9328687B4122}.Debug|Any CPU.ActiveCfg = Debug|Any CPU
		{3ED1B7D0-B502-4147-90F0-9328687B4122}.Debug|Any CPU.Build.0 = Debug|Any CPU
		{3ED1B7D0-B502-4147-90F0-9328687B4122}.Debug|x86-Only.ActiveCfg = Debug|Any CPU
		{3ED1B7D0-B502-4147-90F0-9328687B4122}.Debug|x86-Only.Build.0 = Debug|Any CPU
		{3ED1B7D0-B502-4147-90F0-9328687B4122}.Mono-Debug|Any CPU.ActiveCfg = Debug|Any CPU
		{3ED1B7D0-B502-4147-90F0-9328687B4122}.Mono-Debug|Any CPU.Build.0 = Debug|Any CPU
		{3ED1B7D0-B502-4147-90F0-9328687B4122}.Mono-Debug|x86-Only.ActiveCfg = Debug|Any CPU
		{3ED1B7D0-B502-4147-90F0-9328687B4122}.Mono-Debug|x86-Only.Build.0 = Debug|Any CPU
		{3ED1B7D0-B502-4147-90F0-9328687B4122}.Mono-Release|Any CPU.ActiveCfg = Release|Any CPU
		{3ED1B7D0-B502-4147-90F0-9328687B4122}.Mono-Release|Any CPU.Build.0 = Release|Any CPU
		{3ED1B7D0-B502-4147-90F0-9328687B4122}.Mono-Release|x86-Only.ActiveCfg = Release|Any CPU
		{3ED1B7D0-B502-4147-90F0-9328687B4122}.Mono-Release|x86-Only.Build.0 = Release|Any CPU
		{3ED1B7D0-B502-4147-90F0-9328687B4122}.Release|Any CPU.ActiveCfg = Release|Any CPU
		{3ED1B7D0-B502-4147-90F0-9328687B4122}.Release|Any CPU.Build.0 = Release|Any CPU
		{3ED1B7D0-B502-4147-90F0-9328687B4122}.Release|x86-Only.ActiveCfg = Release|Any CPU
		{3ED1B7D0-B502-4147-90F0-9328687B4122}.Release|x86-Only.Build.0 = Release|Any CPU
		{769903D4-4DFD-4D68-BD3B-315B87BE3A13}.CCNET|Any CPU.ActiveCfg = Release|Any CPU
		{769903D4-4DFD-4D68-BD3B-315B87BE3A13}.CCNET|Any CPU.Build.0 = Release|Any CPU
		{769903D4-4DFD-4D68-BD3B-315B87BE3A13}.CCNET|x86-Only.ActiveCfg = Release|Any CPU
		{769903D4-4DFD-4D68-BD3B-315B87BE3A13}.CCNET|x86-Only.Build.0 = Release|Any CPU
		{769903D4-4DFD-4D68-BD3B-315B87BE3A13}.Debug|Any CPU.ActiveCfg = Debug|Any CPU
		{769903D4-4DFD-4D68-BD3B-315B87BE3A13}.Debug|Any CPU.Build.0 = Debug|Any CPU
		{769903D4-4DFD-4D68-BD3B-315B87BE3A13}.Debug|x86-Only.ActiveCfg = Debug|Any CPU
		{769903D4-4DFD-4D68-BD3B-315B87BE3A13}.Debug|x86-Only.Build.0 = Debug|Any CPU
		{769903D4-4DFD-4D68-BD3B-315B87BE3A13}.Mono-Debug|Any CPU.ActiveCfg = Debug|Any CPU
		{769903D4-4DFD-4D68-BD3B-315B87BE3A13}.Mono-Debug|Any CPU.Build.0 = Debug|Any CPU
		{769903D4-4DFD-4D68-BD3B-315B87BE3A13}.Mono-Debug|x86-Only.ActiveCfg = Debug|Any CPU
		{769903D4-4DFD-4D68-BD3B-315B87BE3A13}.Mono-Debug|x86-Only.Build.0 = Debug|Any CPU
		{769903D4-4DFD-4D68-BD3B-315B87BE3A13}.Mono-Release|Any CPU.ActiveCfg = Release|Any CPU
		{769903D4-4DFD-4D68-BD3B-315B87BE3A13}.Mono-Release|Any CPU.Build.0 = Release|Any CPU
		{769903D4-4DFD-4D68-BD3B-315B87BE3A13}.Mono-Release|x86-Only.ActiveCfg = Release|Any CPU
		{769903D4-4DFD-4D68-BD3B-315B87BE3A13}.Mono-Release|x86-Only.Build.0 = Release|Any CPU
		{769903D4-4DFD-4D68-BD3B-315B87BE3A13}.Release|Any CPU.ActiveCfg = Release|Any CPU
		{769903D4-4DFD-4D68-BD3B-315B87BE3A13}.Release|Any CPU.Build.0 = Release|Any CPU
		{769903D4-4DFD-4D68-BD3B-315B87BE3A13}.Release|x86-Only.ActiveCfg = Release|Any CPU
		{769903D4-4DFD-4D68-BD3B-315B87BE3A13}.Release|x86-Only.Build.0 = Release|Any CPU
		{61839C52-3E10-4332-A221-4CEB162308C2}.CCNET|Any CPU.ActiveCfg = Release|Any CPU
		{61839C52-3E10-4332-A221-4CEB162308C2}.CCNET|Any CPU.Build.0 = Release|Any CPU
		{61839C52-3E10-4332-A221-4CEB162308C2}.CCNET|x86-Only.ActiveCfg = Release|Any CPU
		{61839C52-3E10-4332-A221-4CEB162308C2}.CCNET|x86-Only.Build.0 = Release|Any CPU
		{61839C52-3E10-4332-A221-4CEB162308C2}.Debug|Any CPU.ActiveCfg = Debug|Any CPU
		{61839C52-3E10-4332-A221-4CEB162308C2}.Debug|Any CPU.Build.0 = Debug|Any CPU
		{61839C52-3E10-4332-A221-4CEB162308C2}.Debug|x86-Only.ActiveCfg = Debug|Any CPU
		{61839C52-3E10-4332-A221-4CEB162308C2}.Debug|x86-Only.Build.0 = Debug|Any CPU
		{61839C52-3E10-4332-A221-4CEB162308C2}.Mono-Debug|Any CPU.ActiveCfg = Debug|Any CPU
		{61839C52-3E10-4332-A221-4CEB162308C2}.Mono-Debug|Any CPU.Build.0 = Debug|Any CPU
		{61839C52-3E10-4332-A221-4CEB162308C2}.Mono-Debug|x86-Only.ActiveCfg = Debug|Any CPU
		{61839C52-3E10-4332-A221-4CEB162308C2}.Mono-Debug|x86-Only.Build.0 = Debug|Any CPU
		{61839C52-3E10-4332-A221-4CEB162308C2}.Mono-Release|Any CPU.ActiveCfg = Release|Any CPU
		{61839C52-3E10-4332-A221-4CEB162308C2}.Mono-Release|Any CPU.Build.0 = Release|Any CPU
		{61839C52-3E10-4332-A221-4CEB162308C2}.Mono-Release|x86-Only.ActiveCfg = Release|Any CPU
		{61839C52-3E10-4332-A221-4CEB162308C2}.Mono-Release|x86-Only.Build.0 = Release|Any CPU
		{61839C52-3E10-4332-A221-4CEB162308C2}.Release|Any CPU.ActiveCfg = Release|Any CPU
		{61839C52-3E10-4332-A221-4CEB162308C2}.Release|Any CPU.Build.0 = Release|Any CPU
		{61839C52-3E10-4332-A221-4CEB162308C2}.Release|x86-Only.ActiveCfg = Release|Any CPU
		{61839C52-3E10-4332-A221-4CEB162308C2}.Release|x86-Only.Build.0 = Release|Any CPU
	EndGlobalSection
	GlobalSection(SolutionProperties) = preSolution
		HideSolutionNode = FALSE
	EndGlobalSection
EndGlobal
