
Microsoft Visual Studio Solution File, Format Version 12.00
# Visual Studio Express 14 for Web
VisualStudioVersion = 14.0.23107.0
MinimumVisualStudioVersion = 10.0.40219.1
Project("{FAE04EC0-301F-11D3-BF4B-00C04F79EFBC}") = "responseTip", "responseTip\responseTip.csproj", "{194CB54E-BADA-48E2-B3A4-171477E969B2}"
EndProject
Project("{FAE04EC0-301F-11D3-BF4B-00C04F79EFBC}") = "TwitterHandling", "TwitterHandling\TwitterHandling.csproj", "{D62664CC-9509-46D0-9B37-01213580F51E}"
EndProject
Global
	GlobalSection(SolutionConfigurationPlatforms) = preSolution
		CCNET|Any CPU = CCNET|Any CPU
		CCNET|x86-Only = CCNET|x86-Only
		Debug|Any CPU = Debug|Any CPU
		Debug|x86-Only = Debug|x86-Only
		Mono-Debug|Any CPU = Mono-Debug|Any CPU
		Mono-Debug|x86-Only = Mono-Debug|x86-Only
		Mono-Release|Any CPU = Mono-Release|Any CPU
		Mono-Release|x86-Only = Mono-Release|x86-Only
		Release|Any CPU = Release|Any CPU
		Release|x86-Only = Release|x86-Only
	EndGlobalSection
	GlobalSection(ProjectConfigurationPlatforms) = postSolution
		{194CB54E-BADA-48E2-B3A4-171477E969B2}.CCNET|Any CPU.ActiveCfg = Release|Any CPU
		{194CB54E-BADA-48E2-B3A4-171477E969B2}.CCNET|x86-Only.ActiveCfg = Release|Any CPU
		{194CB54E-BADA-48E2-B3A4-171477E969B2}.Debug|Any CPU.ActiveCfg = Debug|Any CPU
		{194CB54E-BADA-48E2-B3A4-171477E969B2}.Debug|Any CPU.Build.0 = Debug|Any CPU
		{194CB54E-BADA-48E2-B3A4-171477E969B2}.Debug|x86-Only.ActiveCfg = Debug|Any CPU
		{194CB54E-BADA-48E2-B3A4-171477E969B2}.Mono-Debug|Any CPU.ActiveCfg = Debug|Any CPU
		{194CB54E-BADA-48E2-B3A4-171477E969B2}.Mono-Debug|x86-Only.ActiveCfg = Debug|Any CPU
		{194CB54E-BADA-48E2-B3A4-171477E969B2}.Mono-Release|Any CPU.ActiveCfg = Release|Any CPU
		{194CB54E-BADA-48E2-B3A4-171477E969B2}.Mono-Release|x86-Only.ActiveCfg = Release|Any CPU
		{194CB54E-BADA-48E2-B3A4-171477E969B2}.Release|Any CPU.ActiveCfg = Release|Any CPU
		{194CB54E-BADA-48E2-B3A4-171477E969B2}.Release|Any CPU.Build.0 = Release|Any CPU
		{194CB54E-BADA-48E2-B3A4-171477E969B2}.Release|x86-Only.ActiveCfg = Release|Any CPU
		{D62664CC-9509-46D0-9B37-01213580F51E}.CCNET|Any CPU.ActiveCfg = Release|Any CPU
		{D62664CC-9509-46D0-9B37-01213580F51E}.CCNET|Any CPU.Build.0 = Release|Any CPU
		{D62664CC-9509-46D0-9B37-01213580F51E}.CCNET|x86-Only.ActiveCfg = Release|Any CPU
		{D62664CC-9509-46D0-9B37-01213580F51E}.CCNET|x86-Only.Build.0 = Release|Any CPU
		{D62664CC-9509-46D0-9B37-01213580F51E}.Debug|Any CPU.ActiveCfg = Debug|Any CPU
		{D62664CC-9509-46D0-9B37-01213580F51E}.Debug|Any CPU.Build.0 = Debug|Any CPU
		{D62664CC-9509-46D0-9B37-01213580F51E}.Debug|x86-Only.ActiveCfg = Debug|Any CPU
		{D62664CC-9509-46D0-9B37-01213580F51E}.Debug|x86-Only.Build.0 = Debug|Any CPU
		{D62664CC-9509-46D0-9B37-01213580F51E}.Mono-Debug|Any CPU.ActiveCfg = Debug|Any CPU
		{D62664CC-9509-46D0-9B37-01213580F51E}.Mono-Debug|Any CPU.Build.0 = Debug|Any CPU
		{D62664CC-9509-46D0-9B37-01213580F51E}.Mono-Debug|x86-Only.ActiveCfg = Debug|Any CPU
		{D62664CC-9509-46D0-9B37-01213580F51E}.Mono-Debug|x86-Only.Build.0 = Debug|Any CPU
		{D62664CC-9509-46D0-9B37-01213580F51E}.Mono-Release|Any CPU.ActiveCfg = Release|Any CPU
		{D62664CC-9509-46D0-9B37-01213580F51E}.Mono-Release|Any CPU.Build.0 = Release|Any CPU
		{D62664CC-9509-46D0-9B37-01213580F51E}.Mono-Release|x86-Only.ActiveCfg = Release|Any CPU
		{D62664CC-9509-46D0-9B37-01213580F51E}.Mono-Release|x86-Only.Build.0 = Release|Any CPU
		{D62664CC-9509-46D0-9B37-01213580F51E}.Release|Any CPU.ActiveCfg = Release|Any CPU
		{D62664CC-9509-46D0-9B37-01213580F51E}.Release|Any CPU.Build.0 = Release|Any CPU
		{D62664CC-9509-46D0-9B37-01213580F51E}.Release|x86-Only.ActiveCfg = Release|Any CPU
		{D62664CC-9509-46D0-9B37-01213580F51E}.Release|x86-Only.Build.0 = Release|Any CPU
	EndGlobalSection
	GlobalSection(SolutionProperties) = preSolution
		HideSolutionNode = FALSE
	EndGlobalSection
EndGlobal
